// !$*UTF8*$!
{
	archiveVersion = 1;
	classes = {
	};
	objectVersion = 46;
	objects = {

/* Begin PBXBuildFile section */
		200F78031CF8EE0E0042F780 /* main.cpp in Sources */ = {isa = PBXBuildFile; fileRef = 200F78021CF8EE0E0042F780 /* main.cpp */; };
		200F780A1CF8EEB70042F780 /* OpenGL.framework in Frameworks */ = {isa = PBXBuildFile; fileRef = 200F78091CF8EEB70042F780 /* OpenGL.framework */; };
		200F780C1CF8EEE70042F780 /* libglfw.3.1.dylib in Frameworks */ = {isa = PBXBuildFile; fileRef = 200F780B1CF8EEE70042F780 /* libglfw.3.1.dylib */; };
		200F780E1CF8EF060042F780 /* libGLEW.1.13.0.dylib in Frameworks */ = {isa = PBXBuildFile; fileRef = 200F780D1CF8EF060042F780 /* libGLEW.1.13.0.dylib */; };
		200F78251CF8EF720042F780 /* Cube.cpp in Sources */ = {isa = PBXBuildFile; fileRef = 200F780F1CF8EF720042F780 /* Cube.cpp */; };
		200F782A1CF8EF720042F780 /* OBJObject.cpp in Sources */ = {isa = PBXBuildFile; fileRef = 200F78191CF8EF720042F780 /* OBJObject.cpp */; };
		200F782C1CF8EF720042F780 /* shader.cpp in Sources */ = {isa = PBXBuildFile; fileRef = 200F781C1CF8EF720042F780 /* shader.cpp */; };
		203BF33B1D04E8CC00E07E6F /* Window.cpp in Sources */ = {isa = PBXBuildFile; fileRef = 203BF3391D04E8CC00E07E6F /* Window.cpp */; };
		203BF3421D04ED7E00E07E6F /* libirrklang.dylib in Frameworks */ = {isa = PBXBuildFile; fileRef = 203BF3411D04ED7E00E07E6F /* libirrklang.dylib */; };
		203BF3441D04F9BF00E07E6F /* BoundingBox.cpp in Sources */ = {isa = PBXBuildFile; fileRef = 203BF3431D04F9BF00E07E6F /* BoundingBox.cpp */; };
		207078E71D06C8E8006DFC32 /* parallax.cpp in Sources */ = {isa = PBXBuildFile; fileRef = 207078E51D06C8E8006DFC32 /* parallax.cpp */; };
		20B8D8701D04D7B600B2C8AE /* BezierCurve.cpp in Sources */ = {isa = PBXBuildFile; fileRef = 20B8D8601D04D7B600B2C8AE /* BezierCurve.cpp */; };
		20B8D8711D04D7B600B2C8AE /* ControlPoint.cpp in Sources */ = {isa = PBXBuildFile; fileRef = 20B8D8621D04D7B600B2C8AE /* ControlPoint.cpp */; };
		20C123B31D0726AF004783EA /* libSOIL.a in Frameworks */ = {isa = PBXBuildFile; fileRef = 20C123B21D0726AF004783EA /* libSOIL.a */; };
		20C123C01D07274F004783EA /* image_DXT.c in Sources */ = {isa = PBXBuildFile; fileRef = 20C123BC1D07274F004783EA /* image_DXT.c */; };
		20C123C11D07274F004783EA /* image_helper.c in Sources */ = {isa = PBXBuildFile; fileRef = 20C123BD1D07274F004783EA /* image_helper.c */; };
		20C123C21D07274F004783EA /* SOIL.c in Sources */ = {isa = PBXBuildFile; fileRef = 20C123BE1D07274F004783EA /* SOIL.c */; };
		20C123C31D07274F004783EA /* stb_image_aug.c in Sources */ = {isa = PBXBuildFile; fileRef = 20C123BF1D07274F004783EA /* stb_image_aug.c */; };
		20D87BE21D069F8600547A26 /* BoatGenerator.cpp in Sources */ = {isa = PBXBuildFile; fileRef = 20D87BE01D069F8600547A26 /* BoatGenerator.cpp */; };
		20FDA6F71D0273C7009904B4 /* Cylinder.cpp in Sources */ = {isa = PBXBuildFile; fileRef = 20FDA6F01D0273C7009904B4 /* Cylinder.cpp */; };
		20FDA6F81D0273C7009904B4 /* Geode.cpp in Sources */ = {isa = PBXBuildFile; fileRef = 20FDA6F11D0273C7009904B4 /* Geode.cpp */; };
		20FDA6F91D0273C7009904B4 /* Group.cpp in Sources */ = {isa = PBXBuildFile; fileRef = 20FDA6F31D0273C7009904B4 /* Group.cpp */; };
		20FDA6FA1D0273C7009904B4 /* MatrixTransform.cpp in Sources */ = {isa = PBXBuildFile; fileRef = 20FDA6F41D0273C7009904B4 /* MatrixTransform.cpp */; };
		20FDA6FB1D0273C7009904B4 /* Pod.cpp in Sources */ = {isa = PBXBuildFile; fileRef = 20FDA6F61D0273C7009904B4 /* Pod.cpp */; };
/* End PBXBuildFile section */

/* Begin PBXCopyFilesBuildPhase section */
		200F77FD1CF8EE0E0042F780 /* CopyFiles */ = {
			isa = PBXCopyFilesBuildPhase;
			buildActionMask = 2147483647;
			dstPath = /usr/share/man/man1/;
			dstSubfolderSpec = 0;
			files = (
			);
			runOnlyForDeploymentPostprocessing = 1;
		};
/* End PBXCopyFilesBuildPhase section */

/* Begin PBXFileReference section */
		200F77FF1CF8EE0E0042F780 /* Final */ = {isa = PBXFileReference; explicitFileType = "compiled.mach-o.executable"; includeInIndex = 0; path = Final; sourceTree = BUILT_PRODUCTS_DIR; };
		200F78021CF8EE0E0042F780 /* main.cpp */ = {isa = PBXFileReference; lastKnownFileType = sourcecode.cpp.cpp; path = main.cpp; sourceTree = "<group>"; };
		200F78091CF8EEB70042F780 /* OpenGL.framework */ = {isa = PBXFileReference; lastKnownFileType = wrapper.framework; name = OpenGL.framework; path = System/Library/Frameworks/OpenGL.framework; sourceTree = SDKROOT; };
		200F780B1CF8EEE70042F780 /* libglfw.3.1.dylib */ = {isa = PBXFileReference; lastKnownFileType = "compiled.mach-o.dylib"; name = libglfw.3.1.dylib; path = "../../../../../../Developer/glfw-3.1.2/src/libglfw.3.1.dylib"; sourceTree = "<group>"; };
		200F780D1CF8EF060042F780 /* libGLEW.1.13.0.dylib */ = {isa = PBXFileReference; lastKnownFileType = "compiled.mach-o.dylib"; name = libGLEW.1.13.0.dylib; path = ../../../../../../usr/local/lib/libGLEW.1.13.0.dylib; sourceTree = "<group>"; };
		200F780F1CF8EF720042F780 /* Cube.cpp */ = {isa = PBXFileReference; fileEncoding = 4; lastKnownFileType = sourcecode.cpp.cpp; path = Cube.cpp; sourceTree = "<group>"; };
		200F78101CF8EF720042F780 /* Cube.h */ = {isa = PBXFileReference; fileEncoding = 4; lastKnownFileType = sourcecode.c.h; path = Cube.h; sourceTree = "<group>"; };
		200F78161CF8EF720042F780 /* main.h */ = {isa = PBXFileReference; fileEncoding = 4; lastKnownFileType = sourcecode.c.h; path = main.h; sourceTree = "<group>"; };
		200F78191CF8EF720042F780 /* OBJObject.cpp */ = {isa = PBXFileReference; fileEncoding = 4; lastKnownFileType = sourcecode.cpp.cpp; path = OBJObject.cpp; sourceTree = "<group>"; };
		200F781A1CF8EF720042F780 /* OBJObject.h */ = {isa = PBXFileReference; fileEncoding = 4; lastKnownFileType = sourcecode.c.h; path = OBJObject.h; sourceTree = "<group>"; };
		200F781C1CF8EF720042F780 /* shader.cpp */ = {isa = PBXFileReference; fileEncoding = 4; lastKnownFileType = sourcecode.cpp.cpp; path = shader.cpp; sourceTree = "<group>"; };
		200F781D1CF8EF720042F780 /* shader.frag */ = {isa = PBXFileReference; fileEncoding = 4; lastKnownFileType = sourcecode.glsl; path = shader.frag; sourceTree = "<group>"; };
		200F781E1CF8EF720042F780 /* shader.h */ = {isa = PBXFileReference; fileEncoding = 4; lastKnownFileType = sourcecode.c.h; path = shader.h; sourceTree = "<group>"; };
		200F781F1CF8EF720042F780 /* shader.vert */ = {isa = PBXFileReference; fileEncoding = 4; lastKnownFileType = sourcecode.glsl; path = shader.vert; sourceTree = "<group>"; };
		200F78201CF8EF720042F780 /* skyShader.frag */ = {isa = PBXFileReference; fileEncoding = 4; lastKnownFileType = sourcecode.glsl; path = skyShader.frag; sourceTree = "<group>"; };
		200F78211CF8EF720042F780 /* skyShader.vert */ = {isa = PBXFileReference; fileEncoding = 4; lastKnownFileType = sourcecode.glsl; path = skyShader.vert; sourceTree = "<group>"; };
		203BF3391D04E8CC00E07E6F /* Window.cpp */ = {isa = PBXFileReference; fileEncoding = 4; lastKnownFileType = sourcecode.cpp.cpp; path = Window.cpp; sourceTree = "<group>"; };
		203BF33A1D04E8CC00E07E6F /* Window.h */ = {isa = PBXFileReference; fileEncoding = 4; lastKnownFileType = sourcecode.c.h; path = Window.h; sourceTree = "<group>"; };
		203BF3411D04ED7E00E07E6F /* libirrklang.dylib */ = {isa = PBXFileReference; lastKnownFileType = "compiled.mach-o.dylib"; name = libirrklang.dylib; path = "../../../../../../Developer/irrKlang-64bit-1.5.0/bin/macosx-gcc/libirrklang.dylib"; sourceTree = "<group>"; };
		203BF3431D04F9BF00E07E6F /* BoundingBox.cpp */ = {isa = PBXFileReference; fileEncoding = 4; lastKnownFileType = sourcecode.cpp.cpp; path = BoundingBox.cpp; sourceTree = "<group>"; };
		203BF3451D04F9D100E07E6F /* BoundingBox.h */ = {isa = PBXFileReference; fileEncoding = 4; lastKnownFileType = sourcecode.c.h; path = BoundingBox.h; sourceTree = "<group>"; };
		205CE16C1D0655F7003097DE /* oceanShader.frag */ = {isa = PBXFileReference; fileEncoding = 4; lastKnownFileType = sourcecode.glsl; path = oceanShader.frag; sourceTree = "<group>"; };
		205CE16D1D0655F7003097DE /* oceanShader.vert */ = {isa = PBXFileReference; fileEncoding = 4; lastKnownFileType = sourcecode.glsl; path = oceanShader.vert; sourceTree = "<group>"; };
		207078E31D06C8E8006DFC32 /* parallax_mapping.frag */ = {isa = PBXFileReference; fileEncoding = 4; lastKnownFileType = sourcecode.glsl; path = parallax_mapping.frag; sourceTree = "<group>"; };
		207078E41D06C8E8006DFC32 /* parallax_mapping.vert */ = {isa = PBXFileReference; fileEncoding = 4; lastKnownFileType = sourcecode.glsl; path = parallax_mapping.vert; sourceTree = "<group>"; };
		207078E51D06C8E8006DFC32 /* parallax.cpp */ = {isa = PBXFileReference; fileEncoding = 4; lastKnownFileType = sourcecode.cpp.cpp; path = parallax.cpp; sourceTree = "<group>"; };
		207078E61D06C8E8006DFC32 /* parallax.h */ = {isa = PBXFileReference; fileEncoding = 4; lastKnownFileType = sourcecode.c.h; path = parallax.h; sourceTree = "<group>"; };
		207146FA1D05600B005F8095 /* boxShader.frag */ = {isa = PBXFileReference; fileEncoding = 4; lastKnownFileType = sourcecode.glsl; path = boxShader.frag; sourceTree = "<group>"; };
		207146FB1D05600B005F8095 /* boxShader.vert */ = {isa = PBXFileReference; fileEncoding = 4; lastKnownFileType = sourcecode.glsl; path = boxShader.vert; sourceTree = "<group>"; };
		20B8D8601D04D7B600B2C8AE /* BezierCurve.cpp */ = {isa = PBXFileReference; fileEncoding = 4; lastKnownFileType = sourcecode.cpp.cpp; path = BezierCurve.cpp; sourceTree = "<group>"; };
		20B8D8611D04D7B600B2C8AE /* BezierCurve.h */ = {isa = PBXFileReference; fileEncoding = 4; lastKnownFileType = sourcecode.c.h; path = BezierCurve.h; sourceTree = "<group>"; };
		20B8D8621D04D7B600B2C8AE /* ControlPoint.cpp */ = {isa = PBXFileReference; fileEncoding = 4; lastKnownFileType = sourcecode.cpp.cpp; path = ControlPoint.cpp; sourceTree = "<group>"; };
		20B8D8631D04D7B600B2C8AE /* ControlPoint.h */ = {isa = PBXFileReference; fileEncoding = 4; lastKnownFileType = sourcecode.c.h; path = ControlPoint.h; sourceTree = "<group>"; };
		20B8D86D1D04D7B600B2C8AE /* track.frag */ = {isa = PBXFileReference; fileEncoding = 4; lastKnownFileType = sourcecode.glsl; path = track.frag; sourceTree = "<group>"; };
		20B8D86E1D04D7B600B2C8AE /* track.vert */ = {isa = PBXFileReference; fileEncoding = 4; lastKnownFileType = sourcecode.glsl; path = track.vert; sourceTree = "<group>"; };
		20C123B21D0726AF004783EA /* libSOIL.a */ = {isa = PBXFileReference; lastKnownFileType = archive.ar; name = libSOIL.a; path = "../../../../../../Developer/Simple-OpenGL-Image-Library/lib/libSOIL.a"; sourceTree = "<group>"; };
		20C123B41D0726DF004783EA /* image_DXT.c */ = {isa = PBXFileReference; lastKnownFileType = sourcecode.c.c; name = image_DXT.c; path = "../../../../../../Developer/Simple-OpenGL-Image-Library/src/image_DXT.c"; sourceTree = "<group>"; };
		20C123B51D0726DF004783EA /* image_helper.c */ = {isa = PBXFileReference; lastKnownFileType = sourcecode.c.c; name = image_helper.c; path = "../../../../../../Developer/Simple-OpenGL-Image-Library/src/image_helper.c"; sourceTree = "<group>"; };
		20C123B61D0726DF004783EA /* SOIL.c */ = {isa = PBXFileReference; lastKnownFileType = sourcecode.c.c; name = SOIL.c; path = "../../../../../../Developer/Simple-OpenGL-Image-Library/src/SOIL.c"; sourceTree = "<group>"; };
		20C123B71D0726DF004783EA /* stb_image_aug.c */ = {isa = PBXFileReference; lastKnownFileType = sourcecode.c.c; name = stb_image_aug.c; path = "../../../../../../Developer/Simple-OpenGL-Image-Library/src/stb_image_aug.c"; sourceTree = "<group>"; };
		20C123BC1D07274F004783EA /* image_DXT.c */ = {isa = PBXFileReference; lastKnownFileType = sourcecode.c.c; name = image_DXT.c; path = "../../../../../../Developer/Simple-OpenGL-Image-Library/src/image_DXT.c"; sourceTree = "<group>"; };
		20C123BD1D07274F004783EA /* image_helper.c */ = {isa = PBXFileReference; lastKnownFileType = sourcecode.c.c; name = image_helper.c; path = "../../../../../../Developer/Simple-OpenGL-Image-Library/src/image_helper.c"; sourceTree = "<group>"; };
		20C123BE1D07274F004783EA /* SOIL.c */ = {isa = PBXFileReference; lastKnownFileType = sourcecode.c.c; name = SOIL.c; path = "../../../../../../Developer/Simple-OpenGL-Image-Library/src/SOIL.c"; sourceTree = "<group>"; };
		20C123BF1D07274F004783EA /* stb_image_aug.c */ = {isa = PBXFileReference; lastKnownFileType = sourcecode.c.c; name = stb_image_aug.c; path = "../../../../../../Developer/Simple-OpenGL-Image-Library/src/stb_image_aug.c"; sourceTree = "<group>"; };
		20C123C41D073584004783EA /* shader2.frag */ = {isa = PBXFileReference; fileEncoding = 4; lastKnownFileType = sourcecode.glsl; path = shader2.frag; sourceTree = "<group>"; };
		20C123C51D073584004783EA /* shader2.vert */ = {isa = PBXFileReference; fileEncoding = 4; lastKnownFileType = sourcecode.glsl; path = shader2.vert; sourceTree = "<group>"; };
		20D87BE01D069F8600547A26 /* BoatGenerator.cpp */ = {isa = PBXFileReference; fileEncoding = 4; lastKnownFileType = sourcecode.cpp.cpp; path = BoatGenerator.cpp; sourceTree = "<group>"; };
		20D87BE11D069F8600547A26 /* BoatGenerator.h */ = {isa = PBXFileReference; fileEncoding = 4; lastKnownFileType = sourcecode.c.h; path = BoatGenerator.h; sourceTree = "<group>"; };
		20D87BE41D06B05C00547A26 /* Cylinder.h */ = {isa = PBXFileReference; fileEncoding = 4; lastKnownFileType = sourcecode.c.h; path = Cylinder.h; sourceTree = "<group>"; };
		20FDA6F01D0273C7009904B4 /* Cylinder.cpp */ = {isa = PBXFileReference; fileEncoding = 4; lastKnownFileType = sourcecode.cpp.cpp; path = Cylinder.cpp; sourceTree = "<group>"; };
		20FDA6F11D0273C7009904B4 /* Geode.cpp */ = {isa = PBXFileReference; fileEncoding = 4; lastKnownFileType = sourcecode.cpp.cpp; path = Geode.cpp; sourceTree = "<group>"; };
		20FDA6F21D0273C7009904B4 /* Geode.h */ = {isa = PBXFileReference; fileEncoding = 4; lastKnownFileType = sourcecode.c.h; path = Geode.h; sourceTree = "<group>"; };
		20FDA6F31D0273C7009904B4 /* Group.cpp */ = {isa = PBXFileReference; fileEncoding = 4; lastKnownFileType = sourcecode.cpp.cpp; path = Group.cpp; sourceTree = "<group>"; };
		20FDA6F41D0273C7009904B4 /* MatrixTransform.cpp */ = {isa = PBXFileReference; fileEncoding = 4; lastKnownFileType = sourcecode.cpp.cpp; path = MatrixTransform.cpp; sourceTree = "<group>"; };
		20FDA6F51D0273C7009904B4 /* Node.h */ = {isa = PBXFileReference; fileEncoding = 4; lastKnownFileType = sourcecode.c.h; path = Node.h; sourceTree = "<group>"; };
		20FDA6F61D0273C7009904B4 /* Pod.cpp */ = {isa = PBXFileReference; fileEncoding = 4; lastKnownFileType = sourcecode.cpp.cpp; path = Pod.cpp; sourceTree = "<group>"; };
/* End PBXFileReference section */

/* Begin PBXFrameworksBuildPhase section */
		200F77FC1CF8EE0E0042F780 /* Frameworks */ = {
			isa = PBXFrameworksBuildPhase;
			buildActionMask = 2147483647;
			files = (
				20C123B31D0726AF004783EA /* libSOIL.a in Frameworks */,
				203BF3421D04ED7E00E07E6F /* libirrklang.dylib in Frameworks */,
				200F780E1CF8EF060042F780 /* libGLEW.1.13.0.dylib in Frameworks */,
				200F780C1CF8EEE70042F780 /* libglfw.3.1.dylib in Frameworks */,
				200F780A1CF8EEB70042F780 /* OpenGL.framework in Frameworks */,
			);
			runOnlyForDeploymentPostprocessing = 0;
		};
/* End PBXFrameworksBuildPhase section */

/* Begin PBXGroup section */
		200F77F61CF8EE0E0042F780 = {
			isa = PBXGroup;
			children = (
				20C123BC1D07274F004783EA /* image_DXT.c */,
				20C123BD1D07274F004783EA /* image_helper.c */,
				20C123BE1D07274F004783EA /* SOIL.c */,
				20C123BF1D07274F004783EA /* stb_image_aug.c */,
				20C123B41D0726DF004783EA /* image_DXT.c */,
				20C123B51D0726DF004783EA /* image_helper.c */,
				20C123B61D0726DF004783EA /* SOIL.c */,
				20C123B71D0726DF004783EA /* stb_image_aug.c */,
				20C123B21D0726AF004783EA /* libSOIL.a */,
				203BF3411D04ED7E00E07E6F /* libirrklang.dylib */,
				200F780D1CF8EF060042F780 /* libGLEW.1.13.0.dylib */,
				200F780B1CF8EEE70042F780 /* libglfw.3.1.dylib */,
				200F78091CF8EEB70042F780 /* OpenGL.framework */,
				200F78011CF8EE0E0042F780 /* Final */,
				200F78001CF8EE0E0042F780 /* Products */,
			);
			sourceTree = "<group>";
		};
		200F78001CF8EE0E0042F780 /* Products */ = {
			isa = PBXGroup;
			children = (
				200F77FF1CF8EE0E0042F780 /* Final */,
			);
			name = Products;
			sourceTree = "<group>";
		};
		200F78011CF8EE0E0042F780 /* Final */ = {
			isa = PBXGroup;
			children = (
				200F780F1CF8EF720042F780 /* Cube.cpp */,
				200F78101CF8EF720042F780 /* Cube.h */,
				200F78191CF8EF720042F780 /* OBJObject.cpp */,
				200F781A1CF8EF720042F780 /* OBJObject.h */,
				203BF3431D04F9BF00E07E6F /* BoundingBox.cpp */,
				203BF3451D04F9D100E07E6F /* BoundingBox.h */,
				20D87BE01D069F8600547A26 /* BoatGenerator.cpp */,
				20D87BE11D069F8600547A26 /* BoatGenerator.h */,
				207078E51D06C8E8006DFC32 /* parallax.cpp */,
				207078E61D06C8E8006DFC32 /* parallax.h */,
				20FDA6F51D0273C7009904B4 /* Node.h */,
				20FDA6F41D0273C7009904B4 /* MatrixTransform.cpp */,
				20FDA6F31D0273C7009904B4 /* Group.cpp */,
				20FDA6F11D0273C7009904B4 /* Geode.cpp */,
				20FDA6F21D0273C7009904B4 /* Geode.h */,
				20FDA6F01D0273C7009904B4 /* Cylinder.cpp */,
				20D87BE41D06B05C00547A26 /* Cylinder.h */,
				20FDA6F61D0273C7009904B4 /* Pod.cpp */,
				20B8D8601D04D7B600B2C8AE /* BezierCurve.cpp */,
				20B8D8611D04D7B600B2C8AE /* BezierCurve.h */,
				20B8D8621D04D7B600B2C8AE /* ControlPoint.cpp */,
				20B8D8631D04D7B600B2C8AE /* ControlPoint.h */,
				200F781C1CF8EF720042F780 /* shader.cpp */,
				200F781E1CF8EF720042F780 /* shader.h */,
				200F781F1CF8EF720042F780 /* shader.vert */,
				200F781D1CF8EF720042F780 /* shader.frag */,
				20C123C41D073584004783EA /* shader2.frag */,
				20C123C51D073584004783EA /* shader2.vert */,
				205CE16C1D0655F7003097DE /* oceanShader.frag */,
				205CE16D1D0655F7003097DE /* oceanShader.vert */,
				200F78211CF8EF720042F780 /* skyShader.vert */,
				200F78201CF8EF720042F780 /* skyShader.frag */,
				207146FA1D05600B005F8095 /* boxShader.frag */,
				207146FB1D05600B005F8095 /* boxShader.vert */,
				207078E31D06C8E8006DFC32 /* parallax_mapping.frag */,
				207078E41D06C8E8006DFC32 /* parallax_mapping.vert */,
				20B8D86D1D04D7B600B2C8AE /* track.frag */,
				20B8D86E1D04D7B600B2C8AE /* track.vert */,
				203BF3391D04E8CC00E07E6F /* Window.cpp */,
				203BF33A1D04E8CC00E07E6F /* Window.h */,
				200F78021CF8EE0E0042F780 /* main.cpp */,
				200F78161CF8EF720042F780 /* main.h */,
			);
			path = Final;
			sourceTree = "<group>";
		};
/* End PBXGroup section */

/* Begin PBXNativeTarget section */
		200F77FE1CF8EE0E0042F780 /* Final */ = {
			isa = PBXNativeTarget;
			buildConfigurationList = 200F78061CF8EE0E0042F780 /* Build configuration list for PBXNativeTarget "Final" */;
			buildPhases = (
				200F77FB1CF8EE0E0042F780 /* Sources */,
				200F77FC1CF8EE0E0042F780 /* Frameworks */,
				200F77FD1CF8EE0E0042F780 /* CopyFiles */,
			);
			buildRules = (
			);
			dependencies = (
			);
			name = Final;
			productName = Final;
			productReference = 200F77FF1CF8EE0E0042F780 /* Final */;
			productType = "com.apple.product-type.tool";
		};
/* End PBXNativeTarget section */

/* Begin PBXProject section */
		200F77F71CF8EE0E0042F780 /* Project object */ = {
			isa = PBXProject;
			attributes = {
				LastUpgradeCheck = 0730;
				ORGANIZATIONNAME = "Junhao Xie";
				TargetAttributes = {
					200F77FE1CF8EE0E0042F780 = {
						CreatedOnToolsVersion = 7.3.1;
					};
				};
			};
			buildConfigurationList = 200F77FA1CF8EE0E0042F780 /* Build configuration list for PBXProject "Final" */;
			compatibilityVersion = "Xcode 3.2";
			developmentRegion = English;
			hasScannedForEncodings = 0;
			knownRegions = (
				en,
			);
			mainGroup = 200F77F61CF8EE0E0042F780;
			productRefGroup = 200F78001CF8EE0E0042F780 /* Products */;
			projectDirPath = "";
			projectRoot = "";
			targets = (
				200F77FE1CF8EE0E0042F780 /* Final */,
			);
		};
/* End PBXProject section */

/* Begin PBXSourcesBuildPhase section */
		200F77FB1CF8EE0E0042F780 /* Sources */ = {
			isa = PBXSourcesBuildPhase;
			buildActionMask = 2147483647;
			files = (
				20C123C01D07274F004783EA /* image_DXT.c in Sources */,
				20C123C11D07274F004783EA /* image_helper.c in Sources */,
				20C123C21D07274F004783EA /* SOIL.c in Sources */,
				20C123C31D07274F004783EA /* stb_image_aug.c in Sources */,
				20FDA6F91D0273C7009904B4 /* Group.cpp in Sources */,
				20FDA6FB1D0273C7009904B4 /* Pod.cpp in Sources */,
				200F782A1CF8EF720042F780 /* OBJObject.cpp in Sources */,
				20B8D8701D04D7B600B2C8AE /* BezierCurve.cpp in Sources */,
				200F78251CF8EF720042F780 /* Cube.cpp in Sources */,
				207078E71D06C8E8006DFC32 /* parallax.cpp in Sources */,
				20B8D8711D04D7B600B2C8AE /* ControlPoint.cpp in Sources */,
				200F78031CF8EE0E0042F780 /* main.cpp in Sources */,
				20D87BE21D069F8600547A26 /* BoatGenerator.cpp in Sources */,
				203BF33B1D04E8CC00E07E6F /* Window.cpp in Sources */,
				20FDA6FA1D0273C7009904B4 /* MatrixTransform.cpp in Sources */,
				203BF3441D04F9BF00E07E6F /* BoundingBox.cpp in Sources */,
				200F782C1CF8EF720042F780 /* shader.cpp in Sources */,
				20FDA6F81D0273C7009904B4 /* Geode.cpp in Sources */,
				20FDA6F71D0273C7009904B4 /* Cylinder.cpp in Sources */,
			);
			runOnlyForDeploymentPostprocessing = 0;
		};
/* End PBXSourcesBuildPhase section */

/* Begin XCBuildConfiguration section */
		200F78041CF8EE0E0042F780 /* Debug */ = {
			isa = XCBuildConfiguration;
			buildSettings = {
				ALWAYS_SEARCH_USER_PATHS = NO;
				CLANG_ANALYZER_NONNULL = YES;
				CLANG_CXX_LANGUAGE_STANDARD = "gnu++0x";
				CLANG_CXX_LIBRARY = "libc++";
				CLANG_ENABLE_MODULES = YES;
				CLANG_ENABLE_OBJC_ARC = YES;
				CLANG_WARN_BOOL_CONVERSION = YES;
				CLANG_WARN_CONSTANT_CONVERSION = YES;
				CLANG_WARN_DIRECT_OBJC_ISA_USAGE = YES_ERROR;
				CLANG_WARN_EMPTY_BODY = YES;
				CLANG_WARN_ENUM_CONVERSION = YES;
				CLANG_WARN_INT_CONVERSION = YES;
				CLANG_WARN_OBJC_ROOT_CLASS = YES_ERROR;
				CLANG_WARN_UNREACHABLE_CODE = YES;
				CLANG_WARN__DUPLICATE_METHOD_MATCH = YES;
				CODE_SIGN_IDENTITY = "-";
				COPY_PHASE_STRIP = NO;
				DEBUG_INFORMATION_FORMAT = dwarf;
				ENABLE_STRICT_OBJC_MSGSEND = YES;
				ENABLE_TESTABILITY = YES;
				GCC_C_LANGUAGE_STANDARD = gnu99;
				GCC_DYNAMIC_NO_PIC = NO;
				GCC_NO_COMMON_BLOCKS = YES;
				GCC_OPTIMIZATION_LEVEL = 0;
				GCC_PREPROCESSOR_DEFINITIONS = (
					"DEBUG=1",
					"$(inherited)",
				);
				GCC_WARN_64_TO_32_BIT_CONVERSION = YES;
				GCC_WARN_ABOUT_RETURN_TYPE = YES_ERROR;
				GCC_WARN_UNDECLARED_SELECTOR = YES;
				GCC_WARN_UNINITIALIZED_AUTOS = YES_AGGRESSIVE;
				GCC_WARN_UNUSED_FUNCTION = YES;
				GCC_WARN_UNUSED_VARIABLE = YES;
				MACOSX_DEPLOYMENT_TARGET = 10.11;
				MTL_ENABLE_DEBUG_INFO = YES;
				ONLY_ACTIVE_ARCH = YES;
				SDKROOT = macosx;
			};
			name = Debug;
		};
		200F78051CF8EE0E0042F780 /* Release */ = {
			isa = XCBuildConfiguration;
			buildSettings = {
				ALWAYS_SEARCH_USER_PATHS = NO;
				CLANG_ANALYZER_NONNULL = YES;
				CLANG_CXX_LANGUAGE_STANDARD = "gnu++0x";
				CLANG_CXX_LIBRARY = "libc++";
				CLANG_ENABLE_MODULES = YES;
				CLANG_ENABLE_OBJC_ARC = YES;
				CLANG_WARN_BOOL_CONVERSION = YES;
				CLANG_WARN_CONSTANT_CONVERSION = YES;
				CLANG_WARN_DIRECT_OBJC_ISA_USAGE = YES_ERROR;
				CLANG_WARN_EMPTY_BODY = YES;
				CLANG_WARN_ENUM_CONVERSION = YES;
				CLANG_WARN_INT_CONVERSION = YES;
				CLANG_WARN_OBJC_ROOT_CLASS = YES_ERROR;
				CLANG_WARN_UNREACHABLE_CODE = YES;
				CLANG_WARN__DUPLICATE_METHOD_MATCH = YES;
				CODE_SIGN_IDENTITY = "-";
				COPY_PHASE_STRIP = NO;
				DEBUG_INFORMATION_FORMAT = "dwarf-with-dsym";
				ENABLE_NS_ASSERTIONS = NO;
				ENABLE_STRICT_OBJC_MSGSEND = YES;
				GCC_C_LANGUAGE_STANDARD = gnu99;
				GCC_NO_COMMON_BLOCKS = YES;
				GCC_WARN_64_TO_32_BIT_CONVERSION = YES;
				GCC_WARN_ABOUT_RETURN_TYPE = YES_ERROR;
				GCC_WARN_UNDECLARED_SELECTOR = YES;
				GCC_WARN_UNINITIALIZED_AUTOS = YES_AGGRESSIVE;
				GCC_WARN_UNUSED_FUNCTION = YES;
				GCC_WARN_UNUSED_VARIABLE = YES;
				MACOSX_DEPLOYMENT_TARGET = 10.11;
				MTL_ENABLE_DEBUG_INFO = NO;
				SDKROOT = macosx;
			};
			name = Release;
		};
		200F78071CF8EE0E0042F780 /* Debug */ = {
			isa = XCBuildConfiguration;
			buildSettings = {
				HEADER_SEARCH_PATHS = (
					"$(inherited)",
					/Applications/Xcode.app/Contents/Developer/Toolchains/XcodeDefault.xctoolchain/usr/include,
					"/Developer/glfw-3.1.2/include",
					/Developer/glm,
					"/Developer/glew-1.13.0/include",
					/usr/local/include,
					"/Developer/irrKlang-64bit-1.5.0/include",
					"/Developer/Simple-OpenGL-Image-Library/src",
				);
				LIBRARY_SEARCH_PATHS = (
					"$(inherited)",
					"/Developer/glfw-3.1.2/src",
					/usr/local/lib,
					"/Developer/irrKlang-64bit-1.5.0/lib/Winx64-visualStudio",
					"/Developer/Simple-OpenGL-Image-Library/lib",
				);
				PRODUCT_NAME = "$(TARGET_NAME)";
			};
			name = Debug;
		};
		200F78081CF8EE0E0042F780 /* Release */ = {
			isa = XCBuildConfiguration;
			buildSettings = {
				HEADER_SEARCH_PATHS = (
					"$(inherited)",
					/Applications/Xcode.app/Contents/Developer/Toolchains/XcodeDefault.xctoolchain/usr/include,
					"/Developer/glfw-3.1.2/include",
					/Developer/glm,
					"/Developer/glew-1.13.0/include",
					/usr/local/include,
					"/Developer/irrKlang-64bit-1.5.0/include",
					"/Developer/Simple-OpenGL-Image-Library/src",
				);
				LIBRARY_SEARCH_PATHS = (
					"$(inherited)",
					"/Developer/glfw-3.1.2/src",
					/usr/local/lib,
					"/Developer/irrKlang-64bit-1.5.0/lib/Winx64-visualStudio",
					"/Developer/Simple-OpenGL-Image-Library/lib",
				);
				PRODUCT_NAME = "$(TARGET_NAME)";
			};
			name = Release;
		};
/* End XCBuildConfiguration section */

/* Begin XCConfigurationList section */
		200F77FA1CF8EE0E0042F780 /* Build configuration list for PBXProject "Final" */ = {
			isa = XCConfigurationList;
			buildConfigurations = (
				200F78041CF8EE0E0042F780 /* Debug */,
				200F78051CF8EE0E0042F780 /* Release */,
			);
			defaultConfigurationIsVisible = 0;
			defaultConfigurationName = Release;
		};
		200F78061CF8EE0E0042F780 /* Build configuration list for PBXNativeTarget "Final" */ = {
			isa = XCConfigurationList;
			buildConfigurations = (
				200F78071CF8EE0E0042F780 /* Debug */,
				200F78081CF8EE0E0042F780 /* Release */,
			);
			defaultConfigurationIsVisible = 0;
			defaultConfigurationName = Release;
		};
/* End XCConfigurationList section */
	};
	rootObject = 200F77F71CF8EE0E0042F780 /* Project object */;
}
